{
  "version": 4,
  "terraform_version": "1.13.3",
  "serial": 3,
  "lineage": "afb8cd30-8021-c837-0061-2f93cd39ec8f",
  "outputs": {
    "aks_cluster_name": {
      "value": null,
      "type": "string"
    },
    "aks_kube_config": {
      "value": null,
      "type": "string",
      "sensitive": true
    }
  },
  "resources": [
    {
      "mode": "managed",
      "type": "azurerm_resource_group",
      "name": "rg",
      "provider": "provider[\"registry.terraform.io/hashicorp/azurerm\"]",
      "instances": [
        {
          "schema_version": 0,
          "attributes": {
            "id": "/subscriptions/98046183-6757-4572-8532-91d5dad505e2/resourceGroups/rg-devsecops-dev",
            "location": "eastus",
            "managed_by": "",
            "name": "rg-devsecops-dev",
            "tags": {
              "environment": "dev",
              "owner": "sudhir"
            },
            "timeouts": null
          },
          "sensitive_attributes": [],
          "identity_schema_version": 0,
          "private": "eyJlMmJmYjczMC1lY2FhLTExZTYtOGY4OC0zNDM2M2JjN2M0YzAiOnsiY3JlYXRlIjo1NDAwMDAwMDAwMDAwLCJkZWxldGUiOjU0MDAwMDAwMDAwMDAsInJlYWQiOjMwMDAwMDAwMDAwMCwidXBkYXRlIjo1NDAwMDAwMDAwMDAwfSwic2NoZW1hX3ZlcnNpb24iOiIwIn0="
        }
      ]
    }
  ],
  "check_results": null
}
